
Microsoft Visual Studio Solution File, Format Version 12.00
# Visual Studio Version 17
VisualStudioVersion = 17.3.32922.545
MinimumVisualStudioVersion = 10.0.40219.1
Project("{FAE04EC0-301F-11D3-BF4B-00C04F79EFBC}") = "Project_BlackJack_FTurkanKaya", "Project_BlackJack_FTurkanKaya\Project_BlackJack_FTurkanKaya.csproj", "{93F17FD3-2B56-4C1A-A2A1-AD591C70A285}"
EndProject
Global
	GlobalSection(SolutionConfigurationPlatforms) = preSolution
		Debug|Any CPU = Debug|Any CPU
		Release|Any CPU = Release|Any CPU
	EndGlobalSection
	GlobalSection(ProjectConfigurationPlatforms) = postSolution
		{93F17FD3-2B56-4C1A-A2A1-AD591C70A285}.Debug|Any CPU.ActiveCfg = Debug|Any CPU
		{93F17FD3-2B56-4C1A-A2A1-AD591C70A285}.Debug|Any CPU.Build.0 = Debug|Any CPU
		{93F17FD3-2B56-4C1A-A2A1-AD591C70A285}.Release|Any CPU.ActiveCfg = Release|Any CPU
		{93F17FD3-2B56-4C1A-A2A1-AD591C70A285}.Release|Any CPU.Build.0 = Release|Any CPU
	EndGlobalSection
	GlobalSection(SolutionProperties) = preSolution
		HideSolutionNode = FALSE
	EndGlobalSection
	GlobalSection(ExtensibilityGlobals) = postSolution
		SolutionGuid = {12184E33-7FEB-4E72-BFAF-A3E53283999F}
	EndGlobalSection
EndGlobal
